
Microsoft Visual Studio Solution File, Format Version 12.00
# Visual Studio Version 16
VisualStudioVersion = 16.0.28922.388
MinimumVisualStudioVersion = 10.0.40219.1
Project("{FAE04EC0-301F-11D3-BF4B-00C04F79EFBC}") = "AutoDeathCounter", "AutoDeathCounter\AutoDeathCounter.csproj", "{071F8C8E-A8F3-498D-AAFF-B49723118738}"
EndProject
Global
	GlobalSection(SolutionConfigurationPlatforms) = preSolution
		Debug|Any CPU = Debug|Any CPU
		Release|Any CPU = Release|Any CPU
	EndGlobalSection
	GlobalSection(ProjectConfigurationPlatforms) = postSolution
		{071F8C8E-A8F3-498D-AAFF-B49723118738}.Debug|Any CPU.ActiveCfg = Debug|Any CPU
		{071F8C8E-A8F3-498D-AAFF-B49723118738}.Debug|Any CPU.Build.0 = Debug|Any CPU
		{071F8C8E-A8F3-498D-AAFF-B49723118738}.Release|Any CPU.ActiveCfg = Release|Any CPU
		{071F8C8E-A8F3-498D-AAFF-B49723118738}.Release|Any CPU.Build.0 = Release|Any CPU
	EndGlobalSection
	GlobalSection(SolutionProperties) = preSolution
		HideSolutionNode = FALSE
	EndGlobalSection
	GlobalSection(ExtensibilityGlobals) = postSolution
		SolutionGuid = {1FFC2187-A602-4DDE-A40D-EA7931B345EB}
	EndGlobalSection
EndGlobal
